
Microsoft Visual Studio Solution File, Format Version 12.00
# Visual Studio Version 17
VisualStudioVersion = 17.5.002.0
MinimumVisualStudioVersion = 10.0.40219.1
Project("{9A19103F-16F7-4668-BE54-9A1E7A4F7556}") = "AzureSDKFordotNET", "AzureSDKFordotNET.csproj", "{856999DA-71F2-4550-B45A-9D3CA1B4AA94}"
EndProject
Global
	GlobalSection(SolutionConfigurationPlatforms) = preSolution
		Debug|Any CPU = Debug|Any CPU
		Release|Any CPU = Release|Any CPU
	EndGlobalSection
	GlobalSection(ProjectConfigurationPlatforms) = postSolution
		{856999DA-71F2-4550-B45A-9D3CA1B4AA94}.Debug|Any CPU.ActiveCfg = Debug|Any CPU
		{856999DA-71F2-4550-B45A-9D3CA1B4AA94}.Debug|Any CPU.Build.0 = Debug|Any CPU
		{856999DA-71F2-4550-B45A-9D3CA1B4AA94}.Release|Any CPU.ActiveCfg = Release|Any CPU
		{856999DA-71F2-4550-B45A-9D3CA1B4AA94}.Release|Any CPU.Build.0 = Release|Any CPU
	EndGlobalSection
	GlobalSection(SolutionProperties) = preSolution
		HideSolutionNode = FALSE
	EndGlobalSection
	GlobalSection(ExtensibilityGlobals) = postSolution
		SolutionGuid = {10AD2199-D111-4FFB-B479-4FC8E42254B3}
	EndGlobalSection
EndGlobal
